
Microsoft Visual Studio Solution File, Format Version 12.00
# Visual Studio 15
VisualStudioVersion = 15.0.28307.329
MinimumVisualStudioVersion = 10.0.40219.1
Project("{FAE04EC0-301F-11D3-BF4B-00C04F79EFBC}") = "Week2", "Week2\Week2.csproj", "{5AD31BB7-C9D3-4BFB-834B-40A0026C23D3}"
EndProject
Global
	GlobalSection(SolutionConfigurationPlatforms) = preSolution
		Debug|Any CPU = Debug|Any CPU
		Release|Any CPU = Release|Any CPU
	EndGlobalSection
	GlobalSection(ProjectConfigurationPlatforms) = postSolution
		{5AD31BB7-C9D3-4BFB-834B-40A0026C23D3}.Debug|Any CPU.ActiveCfg = Debug|Any CPU
		{5AD31BB7-C9D3-4BFB-834B-40A0026C23D3}.Debug|Any CPU.Build.0 = Debug|Any CPU
		{5AD31BB7-C9D3-4BFB-834B-40A0026C23D3}.Release|Any CPU.ActiveCfg = Release|Any CPU
		{5AD31BB7-C9D3-4BFB-834B-40A0026C23D3}.Release|Any CPU.Build.0 = Release|Any CPU
	EndGlobalSection
	GlobalSection(SolutionProperties) = preSolution
		HideSolutionNode = FALSE
	EndGlobalSection
	GlobalSection(ExtensibilityGlobals) = postSolution
		SolutionGuid = {0D63CCCA-3730-4989-806B-37AFC46A69C2}
	EndGlobalSection
EndGlobal
