
Microsoft Visual Studio Solution File, Format Version 12.00
# Visual Studio 15
VisualStudioVersion = 15.0.28307.329
MinimumVisualStudioVersion = 10.0.40219.1
Project("{FAE04EC0-301F-11D3-BF4B-00C04F79EFBC}") = "Week3", "Week3\Week3.csproj", "{763DCA86-2659-4901-9010-23343E7208D8}"
EndProject
Global
	GlobalSection(SolutionConfigurationPlatforms) = preSolution
		Debug|Any CPU = Debug|Any CPU
		Release|Any CPU = Release|Any CPU
	EndGlobalSection
	GlobalSection(ProjectConfigurationPlatforms) = postSolution
		{763DCA86-2659-4901-9010-23343E7208D8}.Debug|Any CPU.ActiveCfg = Debug|Any CPU
		{763DCA86-2659-4901-9010-23343E7208D8}.Debug|Any CPU.Build.0 = Debug|Any CPU
		{763DCA86-2659-4901-9010-23343E7208D8}.Release|Any CPU.ActiveCfg = Release|Any CPU
		{763DCA86-2659-4901-9010-23343E7208D8}.Release|Any CPU.Build.0 = Release|Any CPU
	EndGlobalSection
	GlobalSection(SolutionProperties) = preSolution
		HideSolutionNode = FALSE
	EndGlobalSection
	GlobalSection(ExtensibilityGlobals) = postSolution
		SolutionGuid = {9E96B00E-F92E-4A5B-9521-57844110B2BF}
	EndGlobalSection
EndGlobal
